
Microsoft Visual Studio Solution File, Format Version 12.00
# Visual Studio Version 17
VisualStudioVersion = 17.5.33530.505
MinimumVisualStudioVersion = 10.0.40219.1
Project("{FAE04EC0-301F-11D3-BF4B-00C04F79EFBC}") = "MathWars", "MathWars.csproj", "{2B08D834-1E20-44AD-9060-28F1CD0D50E9}"
EndProject
Project("{FAE04EC0-301F-11D3-BF4B-00C04F79EFBC}") = "TestApp", "..\TestApp\TestApp.csproj", "{F1D65474-CB52-47DF-82A6-88F28E9C070D}"
EndProject
Global
	GlobalSection(SolutionConfigurationPlatforms) = preSolution
		Debug|Any CPU = Debug|Any CPU
		Release|Any CPU = Release|Any CPU
	EndGlobalSection
	GlobalSection(ProjectConfigurationPlatforms) = postSolution
		{2B08D834-1E20-44AD-9060-28F1CD0D50E9}.Debug|Any CPU.ActiveCfg = Debug|Any CPU
		{2B08D834-1E20-44AD-9060-28F1CD0D50E9}.Debug|Any CPU.Build.0 = Debug|Any CPU
		{2B08D834-1E20-44AD-9060-28F1CD0D50E9}.Release|Any CPU.ActiveCfg = Release|Any CPU
		{2B08D834-1E20-44AD-9060-28F1CD0D50E9}.Release|Any CPU.Build.0 = Release|Any CPU
		{F1D65474-CB52-47DF-82A6-88F28E9C070D}.Debug|Any CPU.ActiveCfg = Debug|Any CPU
		{F1D65474-CB52-47DF-82A6-88F28E9C070D}.Debug|Any CPU.Build.0 = Debug|Any CPU
		{F1D65474-CB52-47DF-82A6-88F28E9C070D}.Release|Any CPU.ActiveCfg = Release|Any CPU
		{F1D65474-CB52-47DF-82A6-88F28E9C070D}.Release|Any CPU.Build.0 = Release|Any CPU
	EndGlobalSection
	GlobalSection(SolutionProperties) = preSolution
		HideSolutionNode = FALSE
	EndGlobalSection
	GlobalSection(ExtensibilityGlobals) = postSolution
		SolutionGuid = {53D30813-5C8C-4D98-A155-6105102FE14D}
	EndGlobalSection
EndGlobal
